
Microsoft Visual Studio Solution File, Format Version 12.00
# Visual Studio 15
VisualStudioVersion = 15.0.27130.2010
MinimumVisualStudioVersion = 10.0.40219.1
Project("{9A19103F-16F7-4668-BE54-9A1E7A4F7556}") = "RotativaHQ.AspNetCore", "RotativaHQ.AspNetCore\RotativaHQ.AspNetCore.csproj", "{B08A25AC-EF97-44AE-B239-A29019A701A5}"
EndProject
Project("{FAE04EC0-301F-11D3-BF4B-00C04F79EFBC}") = "RotativaHQ.AspNetCore.DemoApp", "RotativaHQ.AspNetCore.DemoApp\RotativaHQ.AspNetCore.DemoApp.csproj", "{0E863BC5-495D-489E-884A-42E921C02FE9}"
EndProject
Global
	GlobalSection(SolutionConfigurationPlatforms) = preSolution
		Debug|Any CPU = Debug|Any CPU
		Release|Any CPU = Release|Any CPU
	EndGlobalSection
	GlobalSection(ProjectConfigurationPlatforms) = postSolution
		{B08A25AC-EF97-44AE-B239-A29019A701A5}.Debug|Any CPU.ActiveCfg = Debug|Any CPU
		{B08A25AC-EF97-44AE-B239-A29019A701A5}.Debug|Any CPU.Build.0 = Debug|Any CPU
		{B08A25AC-EF97-44AE-B239-A29019A701A5}.Release|Any CPU.ActiveCfg = Release|Any CPU
		{B08A25AC-EF97-44AE-B239-A29019A701A5}.Release|Any CPU.Build.0 = Release|Any CPU
		{0E863BC5-495D-489E-884A-42E921C02FE9}.Debug|Any CPU.ActiveCfg = Debug|Any CPU
		{0E863BC5-495D-489E-884A-42E921C02FE9}.Debug|Any CPU.Build.0 = Debug|Any CPU
		{0E863BC5-495D-489E-884A-42E921C02FE9}.Release|Any CPU.ActiveCfg = Release|Any CPU
		{0E863BC5-495D-489E-884A-42E921C02FE9}.Release|Any CPU.Build.0 = Release|Any CPU
	EndGlobalSection
	GlobalSection(SolutionProperties) = preSolution
		HideSolutionNode = FALSE
	EndGlobalSection
	GlobalSection(ExtensibilityGlobals) = postSolution
		SolutionGuid = {2778D3B0-0E6F-4EC8-80B7-EC746C428DB1}
	EndGlobalSection
EndGlobal
